
Microsoft Visual Studio Solution File, Format Version 12.00
# Visual Studio Version 17
VisualStudioVersion = 17.9.34714.143
MinimumVisualStudioVersion = 10.0.40219.1
Project("{FAE04EC0-301F-11D3-BF4B-00C04F79EFBC}") = "AS2324_5G_INF_HavrylovDanyil_WebAPI", "AS2324_5G_INF_HavrylovDanyil_WebAPI.csproj", "{4E13DA28-B06C-4528-A818-9C048ABA0015}"
EndProject
Global
	GlobalSection(SolutionConfigurationPlatforms) = preSolution
		Debug|Any CPU = Debug|Any CPU
		Release|Any CPU = Release|Any CPU
	EndGlobalSection
	GlobalSection(ProjectConfigurationPlatforms) = postSolution
		{4E13DA28-B06C-4528-A818-9C048ABA0015}.Debug|Any CPU.ActiveCfg = Debug|Any CPU
		{4E13DA28-B06C-4528-A818-9C048ABA0015}.Debug|Any CPU.Build.0 = Debug|Any CPU
		{4E13DA28-B06C-4528-A818-9C048ABA0015}.Release|Any CPU.ActiveCfg = Release|Any CPU
		{4E13DA28-B06C-4528-A818-9C048ABA0015}.Release|Any CPU.Build.0 = Release|Any CPU
	EndGlobalSection
	GlobalSection(SolutionProperties) = preSolution
		HideSolutionNode = FALSE
	EndGlobalSection
	GlobalSection(ExtensibilityGlobals) = postSolution
		SolutionGuid = {5D15CF69-5100-4D95-9750-A3529E3BCCBD}
	EndGlobalSection
EndGlobal
